// !$*UTF8*$!
{
	archiveVersion = 1;
	classes = {
	};
	objectVersion = 55;
	objects = {

/* Begin PBXBuildFile section */
		FA3097CA274E72FE00A78B66 /* CountryTableViewCell.swift in Sources */ = {isa = PBXBuildFile; fileRef = FA3097C9274E72FE00A78B66 /* CountryTableViewCell.swift */; };
		FA60D7B3274E6E200087646A /* CountriesTableView.swift in Sources */ = {isa = PBXBuildFile; fileRef = FA60D7B2274E6E200087646A /* CountriesTableView.swift */; };
		FA67CE6C274E5300000AA1C1 /* NetworkService.swift in Sources */ = {isa = PBXBuildFile; fileRef = FA67CE6B274E5300000AA1C1 /* NetworkService.swift */; };
		FA67CE6E274E530E000AA1C1 /* NetworkApi.swift in Sources */ = {isa = PBXBuildFile; fileRef = FA67CE6D274E530E000AA1C1 /* NetworkApi.swift */; };
		FA67CE70274E5316000AA1C1 /* Router.swift in Sources */ = {isa = PBXBuildFile; fileRef = FA67CE6F274E5316000AA1C1 /* Router.swift */; };
		FA67CE72274E580E000AA1C1 /* DictinoryHelper.swift in Sources */ = {isa = PBXBuildFile; fileRef = FA67CE71274E580E000AA1C1 /* DictinoryHelper.swift */; };
		FA67CE74274E5A9A000AA1C1 /* ParametersEncoder.swift in Sources */ = {isa = PBXBuildFile; fileRef = FA67CE73274E5A9A000AA1C1 /* ParametersEncoder.swift */; };
		FA67CE77274E6585000AA1C1 /* CountryModel.swift in Sources */ = {isa = PBXBuildFile; fileRef = FA67CE76274E6585000AA1C1 /* CountryModel.swift */; };
		FAB35FA8274CC5E40075D76A /* Coordinator.swift in Sources */ = {isa = PBXBuildFile; fileRef = FAB35FA7274CC5E40075D76A /* Coordinator.swift */; };
		FAB35FAA274CD3C30075D76A /* UIImageExtension.swift in Sources */ = {isa = PBXBuildFile; fileRef = FAB35FA9274CD3C30075D76A /* UIImageExtension.swift */; };
		FAB35FCE274D00CB0075D76A /* Main.storyboard in Resources */ = {isa = PBXBuildFile; fileRef = FAB35FCD274D00CB0075D76A /* Main.storyboard */; };
		FAB35FD0274D07980075D76A /* GradientView.swift in Sources */ = {isa = PBXBuildFile; fileRef = FAB35FCF274D07980075D76A /* GradientView.swift */; };
		FAB35FD2274D166A0075D76A /* TextFieldBackView.swift in Sources */ = {isa = PBXBuildFile; fileRef = FAB35FD1274D166A0075D76A /* TextFieldBackView.swift */; };
		FAB35FD6274D2B120075D76A /* StatisticBackView.swift in Sources */ = {isa = PBXBuildFile; fileRef = FAB35FD5274D2B120075D76A /* StatisticBackView.swift */; };
		FAB35FD8274D33170075D76A /* MarkBorderView.swift in Sources */ = {isa = PBXBuildFile; fileRef = FAB35FD7274D33170075D76A /* MarkBorderView.swift */; };
		FAD6683D274BD2C300CD0C97 /* AppDelegate.swift in Sources */ = {isa = PBXBuildFile; fileRef = FAD6683C274BD2C300CD0C97 /* AppDelegate.swift */; };
		FAD6683F274BD2C300CD0C97 /* SceneDelegate.swift in Sources */ = {isa = PBXBuildFile; fileRef = FAD6683E274BD2C300CD0C97 /* SceneDelegate.swift */; };
		FAD66846274BD2C400CD0C97 /* Assets.xcassets in Resources */ = {isa = PBXBuildFile; fileRef = FAD66845274BD2C400CD0C97 /* Assets.xcassets */; };
		FAD66849274BD2C400CD0C97 /* LaunchScreen.storyboard in Resources */ = {isa = PBXBuildFile; fileRef = FAD66847274BD2C400CD0C97 /* LaunchScreen.storyboard */; };
		FAD66854274BD2C400CD0C97 /* CovidViewTests.swift in Sources */ = {isa = PBXBuildFile; fileRef = FAD66853274BD2C400CD0C97 /* CovidViewTests.swift */; };
		FAD6685E274BD2C400CD0C97 /* CovidViewUITests.swift in Sources */ = {isa = PBXBuildFile; fileRef = FAD6685D274BD2C400CD0C97 /* CovidViewUITests.swift */; };
		FAD66860274BD2C400CD0C97 /* CovidViewUITestsLaunchTests.swift in Sources */ = {isa = PBXBuildFile; fileRef = FAD6685F274BD2C400CD0C97 /* CovidViewUITestsLaunchTests.swift */; };
		FAD6686D274BD66100CD0C97 /* InfoViewController.swift in Sources */ = {isa = PBXBuildFile; fileRef = FAD6686C274BD66100CD0C97 /* InfoViewController.swift */; };
		FAD6686F274BD7FF00CD0C97 /* SpreadView.swift in Sources */ = {isa = PBXBuildFile; fileRef = FAD6686E274BD7FF00CD0C97 /* SpreadView.swift */; };
		FAD66874274BE18000CD0C97 /* Poppins-Bold.ttf in Resources */ = {isa = PBXBuildFile; fileRef = FAD66871274BE17F00CD0C97 /* Poppins-Bold.ttf */; };
		FAD66875274BE18000CD0C97 /* Poppins-Medium.ttf in Resources */ = {isa = PBXBuildFile; fileRef = FAD66872274BE18000CD0C97 /* Poppins-Medium.ttf */; };
		FAD66876274BE18000CD0C97 /* Poppins-Regular.ttf in Resources */ = {isa = PBXBuildFile; fileRef = FAD66873274BE18000CD0C97 /* Poppins-Regular.ttf */; };
		FAD66879274BE24900CD0C97 /* UIFontExtension.swift in Sources */ = {isa = PBXBuildFile; fileRef = FAD66878274BE24900CD0C97 /* UIFontExtension.swift */; };
		FAD66884274BE75500CD0C97 /* InfoViewModel.swift in Sources */ = {isa = PBXBuildFile; fileRef = FAD66883274BE75500CD0C97 /* InfoViewModel.swift */; };
		FAD66889274BE7EF00CD0C97 /* InfoCoordinator.swift in Sources */ = {isa = PBXBuildFile; fileRef = FAD66888274BE7EF00CD0C97 /* InfoCoordinator.swift */; };
		FADAFBE4274F6AF20003BC9A /* InfoCountryModel.swift in Sources */ = {isa = PBXBuildFile; fileRef = FADAFBE3274F6AF20003BC9A /* InfoCountryModel.swift */; };
		FADAFBE6274F844C0003BC9A /* SecureStorageService.swift in Sources */ = {isa = PBXBuildFile; fileRef = FADAFBE5274F844C0003BC9A /* SecureStorageService.swift */; };
/* End PBXBuildFile section */

/* Begin PBXContainerItemProxy section */
		FAD66850274BD2C400CD0C97 /* PBXContainerItemProxy */ = {
			isa = PBXContainerItemProxy;
			containerPortal = FAD66831274BD2C300CD0C97 /* Project object */;
			proxyType = 1;
			remoteGlobalIDString = FAD66838274BD2C300CD0C97;
			remoteInfo = CovidView;
		};
		FAD6685A274BD2C400CD0C97 /* PBXContainerItemProxy */ = {
			isa = PBXContainerItemProxy;
			containerPortal = FAD66831274BD2C300CD0C97 /* Project object */;
			proxyType = 1;
			remoteGlobalIDString = FAD66838274BD2C300CD0C97;
			remoteInfo = CovidView;
		};
/* End PBXContainerItemProxy section */

/* Begin PBXFileReference section */
		FA3097C9274E72FE00A78B66 /* CountryTableViewCell.swift */ = {isa = PBXFileReference; lastKnownFileType = sourcecode.swift; path = CountryTableViewCell.swift; sourceTree = "<group>"; };
		FA60D7B2274E6E200087646A /* CountriesTableView.swift */ = {isa = PBXFileReference; lastKnownFileType = sourcecode.swift; path = CountriesTableView.swift; sourceTree = "<group>"; };
		FA67CE6B274E5300000AA1C1 /* NetworkService.swift */ = {isa = PBXFileReference; lastKnownFileType = sourcecode.swift; path = NetworkService.swift; sourceTree = "<group>"; };
		FA67CE6D274E530E000AA1C1 /* NetworkApi.swift */ = {isa = PBXFileReference; lastKnownFileType = sourcecode.swift; path = NetworkApi.swift; sourceTree = "<group>"; };
		FA67CE6F274E5316000AA1C1 /* Router.swift */ = {isa = PBXFileReference; lastKnownFileType = sourcecode.swift; path = Router.swift; sourceTree = "<group>"; };
		FA67CE71274E580E000AA1C1 /* DictinoryHelper.swift */ = {isa = PBXFileReference; lastKnownFileType = sourcecode.swift; path = DictinoryHelper.swift; sourceTree = "<group>"; };
		FA67CE73274E5A9A000AA1C1 /* ParametersEncoder.swift */ = {isa = PBXFileReference; lastKnownFileType = sourcecode.swift; path = ParametersEncoder.swift; sourceTree = "<group>"; };
		FA67CE76274E6585000AA1C1 /* CountryModel.swift */ = {isa = PBXFileReference; lastKnownFileType = sourcecode.swift; path = CountryModel.swift; sourceTree = "<group>"; };
		FAB35FA7274CC5E40075D76A /* Coordinator.swift */ = {isa = PBXFileReference; lastKnownFileType = sourcecode.swift; path = Coordinator.swift; sourceTree = "<group>"; };
		FAB35FA9274CD3C30075D76A /* UIImageExtension.swift */ = {isa = PBXFileReference; lastKnownFileType = sourcecode.swift; path = UIImageExtension.swift; sourceTree = "<group>"; };
		FAB35FCD274D00CB0075D76A /* Main.storyboard */ = {isa = PBXFileReference; lastKnownFileType = file.storyboard; path = Main.storyboard; sourceTree = "<group>"; };
		FAB35FCF274D07980075D76A /* GradientView.swift */ = {isa = PBXFileReference; lastKnownFileType = sourcecode.swift; path = GradientView.swift; sourceTree = "<group>"; };
		FAB35FD1274D166A0075D76A /* TextFieldBackView.swift */ = {isa = PBXFileReference; lastKnownFileType = sourcecode.swift; path = TextFieldBackView.swift; sourceTree = "<group>"; };
		FAB35FD5274D2B120075D76A /* StatisticBackView.swift */ = {isa = PBXFileReference; lastKnownFileType = sourcecode.swift; path = StatisticBackView.swift; sourceTree = "<group>"; };
		FAB35FD7274D33170075D76A /* MarkBorderView.swift */ = {isa = PBXFileReference; lastKnownFileType = sourcecode.swift; path = MarkBorderView.swift; sourceTree = "<group>"; };
		FAD66839274BD2C300CD0C97 /* CovidView.app */ = {isa = PBXFileReference; explicitFileType = wrapper.application; includeInIndex = 0; path = CovidView.app; sourceTree = BUILT_PRODUCTS_DIR; };
		FAD6683C274BD2C300CD0C97 /* AppDelegate.swift */ = {isa = PBXFileReference; lastKnownFileType = sourcecode.swift; path = AppDelegate.swift; sourceTree = "<group>"; };
		FAD6683E274BD2C300CD0C97 /* SceneDelegate.swift */ = {isa = PBXFileReference; lastKnownFileType = sourcecode.swift; path = SceneDelegate.swift; sourceTree = "<group>"; };
		FAD66845274BD2C400CD0C97 /* Assets.xcassets */ = {isa = PBXFileReference; lastKnownFileType = folder.assetcatalog; path = Assets.xcassets; sourceTree = "<group>"; };
		FAD66848274BD2C400CD0C97 /* Base */ = {isa = PBXFileReference; lastKnownFileType = file.storyboard; name = Base; path = Base.lproj/LaunchScreen.storyboard; sourceTree = "<group>"; };
		FAD6684A274BD2C400CD0C97 /* Info.plist */ = {isa = PBXFileReference; lastKnownFileType = text.plist.xml; path = Info.plist; sourceTree = "<group>"; };
		FAD6684F274BD2C400CD0C97 /* CovidViewTests.xctest */ = {isa = PBXFileReference; explicitFileType = wrapper.cfbundle; includeInIndex = 0; path = CovidViewTests.xctest; sourceTree = BUILT_PRODUCTS_DIR; };
		FAD66853274BD2C400CD0C97 /* CovidViewTests.swift */ = {isa = PBXFileReference; lastKnownFileType = sourcecode.swift; path = CovidViewTests.swift; sourceTree = "<group>"; };
		FAD66859274BD2C400CD0C97 /* CovidViewUITests.xctest */ = {isa = PBXFileReference; explicitFileType = wrapper.cfbundle; includeInIndex = 0; path = CovidViewUITests.xctest; sourceTree = BUILT_PRODUCTS_DIR; };
		FAD6685D274BD2C400CD0C97 /* CovidViewUITests.swift */ = {isa = PBXFileReference; lastKnownFileType = sourcecode.swift; path = CovidViewUITests.swift; sourceTree = "<group>"; };
		FAD6685F274BD2C400CD0C97 /* CovidViewUITestsLaunchTests.swift */ = {isa = PBXFileReference; lastKnownFileType = sourcecode.swift; path = CovidViewUITestsLaunchTests.swift; sourceTree = "<group>"; };
		FAD6686C274BD66100CD0C97 /* InfoViewController.swift */ = {isa = PBXFileReference; lastKnownFileType = sourcecode.swift; path = InfoViewController.swift; sourceTree = "<group>"; };
		FAD6686E274BD7FF00CD0C97 /* SpreadView.swift */ = {isa = PBXFileReference; lastKnownFileType = sourcecode.swift; path = SpreadView.swift; sourceTree = "<group>"; };
		FAD66871274BE17F00CD0C97 /* Poppins-Bold.ttf */ = {isa = PBXFileReference; lastKnownFileType = file; path = "Poppins-Bold.ttf"; sourceTree = "<group>"; };
		FAD66872274BE18000CD0C97 /* Poppins-Medium.ttf */ = {isa = PBXFileReference; lastKnownFileType = file; path = "Poppins-Medium.ttf"; sourceTree = "<group>"; };
		FAD66873274BE18000CD0C97 /* Poppins-Regular.ttf */ = {isa = PBXFileReference; lastKnownFileType = file; path = "Poppins-Regular.ttf"; sourceTree = "<group>"; };
		FAD66878274BE24900CD0C97 /* UIFontExtension.swift */ = {isa = PBXFileReference; lastKnownFileType = sourcecode.swift; path = UIFontExtension.swift; sourceTree = "<group>"; };
		FAD66883274BE75500CD0C97 /* InfoViewModel.swift */ = {isa = PBXFileReference; lastKnownFileType = sourcecode.swift; path = InfoViewModel.swift; sourceTree = "<group>"; };
		FAD66888274BE7EF00CD0C97 /* InfoCoordinator.swift */ = {isa = PBXFileReference; lastKnownFileType = sourcecode.swift; path = InfoCoordinator.swift; sourceTree = "<group>"; };
		FADAFBE3274F6AF20003BC9A /* InfoCountryModel.swift */ = {isa = PBXFileReference; lastKnownFileType = sourcecode.swift; path = InfoCountryModel.swift; sourceTree = "<group>"; };
		FADAFBE5274F844C0003BC9A /* SecureStorageService.swift */ = {isa = PBXFileReference; lastKnownFileType = sourcecode.swift; path = SecureStorageService.swift; sourceTree = "<group>"; };
/* End PBXFileReference section */

/* Begin PBXFrameworksBuildPhase section */
		FAD66836274BD2C300CD0C97 /* Frameworks */ = {
			isa = PBXFrameworksBuildPhase;
			buildActionMask = 2147483647;
			files = (
			);
			runOnlyForDeploymentPostprocessing = 0;
		};
		FAD6684C274BD2C400CD0C97 /* Frameworks */ = {
			isa = PBXFrameworksBuildPhase;
			buildActionMask = 2147483647;
			files = (
			);
			runOnlyForDeploymentPostprocessing = 0;
		};
		FAD66856274BD2C400CD0C97 /* Frameworks */ = {
			isa = PBXFrameworksBuildPhase;
			buildActionMask = 2147483647;
			files = (
			);
			runOnlyForDeploymentPostprocessing = 0;
		};
/* End PBXFrameworksBuildPhase section */

/* Begin PBXGroup section */
		FA67CE69274E52D4000AA1C1 /* Services */ = {
			isa = PBXGroup;
			children = (
				FA67CE6A274E52DC000AA1C1 /* NetworkService */,
				FA67CE71274E580E000AA1C1 /* DictinoryHelper.swift */,
				FA67CE73274E5A9A000AA1C1 /* ParametersEncoder.swift */,
				FADAFBE5274F844C0003BC9A /* SecureStorageService.swift */,
			);
			path = Services;
			sourceTree = "<group>";
		};
		FA67CE6A274E52DC000AA1C1 /* NetworkService */ = {
			isa = PBXGroup;
			children = (
				FA67CE6B274E5300000AA1C1 /* NetworkService.swift */,
				FA67CE6D274E530E000AA1C1 /* NetworkApi.swift */,
				FA67CE6F274E5316000AA1C1 /* Router.swift */,
			);
			path = NetworkService;
			sourceTree = "<group>";
		};
		FA67CE75274E6577000AA1C1 /* Models */ = {
			isa = PBXGroup;
			children = (
				FA67CE76274E6585000AA1C1 /* CountryModel.swift */,
				FADAFBE3274F6AF20003BC9A /* InfoCountryModel.swift */,
			);
			path = Models;
			sourceTree = "<group>";
		};
		FAB35FA6274CC5C30075D76A /* Base */ = {
			isa = PBXGroup;
			children = (
				FAD66877274BE23000CD0C97 /* Extensions */,
				FAD6687A274BE37C00CD0C97 /* Views */,
				FAB35FA7274CC5E40075D76A /* Coordinator.swift */,
			);
			path = Base;
			sourceTree = "<group>";
		};
		FAD66830274BD2C300CD0C97 = {
			isa = PBXGroup;
			children = (
				FAD6683B274BD2C300CD0C97 /* CovidView */,
				FAD66852274BD2C400CD0C97 /* CovidViewTests */,
				FAD6685C274BD2C400CD0C97 /* CovidViewUITests */,
				FAD6683A274BD2C300CD0C97 /* Products */,
			);
			sourceTree = "<group>";
		};
		FAD6683A274BD2C300CD0C97 /* Products */ = {
			isa = PBXGroup;
			children = (
				FAD66839274BD2C300CD0C97 /* CovidView.app */,
				FAD6684F274BD2C400CD0C97 /* CovidViewTests.xctest */,
				FAD66859274BD2C400CD0C97 /* CovidViewUITests.xctest */,
			);
			name = Products;
			sourceTree = "<group>";
		};
		FAD6683B274BD2C300CD0C97 /* CovidView */ = {
			isa = PBXGroup;
			children = (
				FA67CE69274E52D4000AA1C1 /* Services */,
				FAB35FA6274CC5C30075D76A /* Base */,
				FAD6687D274BE48500CD0C97 /* Modules */,
				FAD6687C274BE3B300CD0C97 /* Source */,
				FAD6687B274BE39600CD0C97 /* Delegates */,
				FAD66870274BE15100CD0C97 /* Fonts */,
				FAD66847274BD2C400CD0C97 /* LaunchScreen.storyboard */,
				FAB35FCD274D00CB0075D76A /* Main.storyboard */,
			);
			path = CovidView;
			sourceTree = "<group>";
		};
		FAD66852274BD2C400CD0C97 /* CovidViewTests */ = {
			isa = PBXGroup;
			children = (
				FAD66853274BD2C400CD0C97 /* CovidViewTests.swift */,
			);
			path = CovidViewTests;
			sourceTree = "<group>";
		};
		FAD6685C274BD2C400CD0C97 /* CovidViewUITests */ = {
			isa = PBXGroup;
			children = (
				FAD6685D274BD2C400CD0C97 /* CovidViewUITests.swift */,
				FAD6685F274BD2C400CD0C97 /* CovidViewUITestsLaunchTests.swift */,
			);
			path = CovidViewUITests;
			sourceTree = "<group>";
		};
		FAD66870274BE15100CD0C97 /* Fonts */ = {
			isa = PBXGroup;
			children = (
				FAD66871274BE17F00CD0C97 /* Poppins-Bold.ttf */,
				FAD66872274BE18000CD0C97 /* Poppins-Medium.ttf */,
				FAD66873274BE18000CD0C97 /* Poppins-Regular.ttf */,
			);
			path = Fonts;
			sourceTree = "<group>";
		};
		FAD66877274BE23000CD0C97 /* Extensions */ = {
			isa = PBXGroup;
			children = (
				FAD66878274BE24900CD0C97 /* UIFontExtension.swift */,
				FAB35FA9274CD3C30075D76A /* UIImageExtension.swift */,
			);
			path = Extensions;
			sourceTree = "<group>";
		};
		FAD6687A274BE37C00CD0C97 /* Views */ = {
			isa = PBXGroup;
			children = (
				FAD6686E274BD7FF00CD0C97 /* SpreadView.swift */,
				FAB35FCF274D07980075D76A /* GradientView.swift */,
				FAB35FD1274D166A0075D76A /* TextFieldBackView.swift */,
				FAB35FD5274D2B120075D76A /* StatisticBackView.swift */,
				FAB35FD7274D33170075D76A /* MarkBorderView.swift */,
				FA60D7B2274E6E200087646A /* CountriesTableView.swift */,
			);
			path = Views;
			sourceTree = "<group>";
		};
		FAD6687B274BE39600CD0C97 /* Delegates */ = {
			isa = PBXGroup;
			children = (
				FAD6683C274BD2C300CD0C97 /* AppDelegate.swift */,
				FAD6683E274BD2C300CD0C97 /* SceneDelegate.swift */,
			);
			path = Delegates;
			sourceTree = "<group>";
		};
		FAD6687C274BE3B300CD0C97 /* Source */ = {
			isa = PBXGroup;
			children = (
				FAD6684A274BD2C400CD0C97 /* Info.plist */,
				FAD66845274BD2C400CD0C97 /* Assets.xcassets */,
			);
			path = Source;
			sourceTree = "<group>";
		};
		FAD6687D274BE48500CD0C97 /* Modules */ = {
			isa = PBXGroup;
			children = (
				FAD6687E274BE48E00CD0C97 /* InfoScreen */,
			);
			path = Modules;
			sourceTree = "<group>";
		};
		FAD6687E274BE48E00CD0C97 /* InfoScreen */ = {
			isa = PBXGroup;
			children = (
				FA67CE75274E6577000AA1C1 /* Models */,
				FAD66887274BE7CD00CD0C97 /* InfoCoordinator */,
				FAD66882274BE74200CD0C97 /* InfoViewModel */,
				FAD6687F274BE49E00CD0C97 /* InfoView */,
			);
			path = InfoScreen;
			sourceTree = "<group>";
		};
		FAD6687F274BE49E00CD0C97 /* InfoView */ = {
			isa = PBXGroup;
			children = (
				FAD6686C274BD66100CD0C97 /* InfoViewController.swift */,
				FA3097C9274E72FE00A78B66 /* CountryTableViewCell.swift */,
			);
			path = InfoView;
			sourceTree = "<group>";
		};
		FAD66882274BE74200CD0C97 /* InfoViewModel */ = {
			isa = PBXGroup;
			children = (
				FAD66883274BE75500CD0C97 /* InfoViewModel.swift */,
			);
			path = InfoViewModel;
			sourceTree = "<group>";
		};
		FAD66887274BE7CD00CD0C97 /* InfoCoordinator */ = {
			isa = PBXGroup;
			children = (
				FAD66888274BE7EF00CD0C97 /* InfoCoordinator.swift */,
			);
			path = InfoCoordinator;
			sourceTree = "<group>";
		};
/* End PBXGroup section */

/* Begin PBXNativeTarget section */
		FAD66838274BD2C300CD0C97 /* CovidView */ = {
			isa = PBXNativeTarget;
			buildConfigurationList = FAD66863274BD2C400CD0C97 /* Build configuration list for PBXNativeTarget "CovidView" */;
			buildPhases = (
				FAD66835274BD2C300CD0C97 /* Sources */,
				FAD66836274BD2C300CD0C97 /* Frameworks */,
				FAD66837274BD2C300CD0C97 /* Resources */,
			);
			buildRules = (
			);
			dependencies = (
			);
			name = CovidView;
			productName = CovidView;
			productReference = FAD66839274BD2C300CD0C97 /* CovidView.app */;
			productType = "com.apple.product-type.application";
		};
		FAD6684E274BD2C400CD0C97 /* CovidViewTests */ = {
			isa = PBXNativeTarget;
			buildConfigurationList = FAD66866274BD2C400CD0C97 /* Build configuration list for PBXNativeTarget "CovidViewTests" */;
			buildPhases = (
				FAD6684B274BD2C400CD0C97 /* Sources */,
				FAD6684C274BD2C400CD0C97 /* Frameworks */,
				FAD6684D274BD2C400CD0C97 /* Resources */,
			);
			buildRules = (
			);
			dependencies = (
				FAD66851274BD2C400CD0C97 /* PBXTargetDependency */,
			);
			name = CovidViewTests;
			productName = CovidViewTests;
			productReference = FAD6684F274BD2C400CD0C97 /* CovidViewTests.xctest */;
			productType = "com.apple.product-type.bundle.unit-test";
		};
		FAD66858274BD2C400CD0C97 /* CovidViewUITests */ = {
			isa = PBXNativeTarget;
			buildConfigurationList = FAD66869274BD2C400CD0C97 /* Build configuration list for PBXNativeTarget "CovidViewUITests" */;
			buildPhases = (
				FAD66855274BD2C400CD0C97 /* Sources */,
				FAD66856274BD2C400CD0C97 /* Frameworks */,
				FAD66857274BD2C400CD0C97 /* Resources */,
			);
			buildRules = (
			);
			dependencies = (
				FAD6685B274BD2C400CD0C97 /* PBXTargetDependency */,
			);
			name = CovidViewUITests;
			productName = CovidViewUITests;
			productReference = FAD66859274BD2C400CD0C97 /* CovidViewUITests.xctest */;
			productType = "com.apple.product-type.bundle.ui-testing";
		};
/* End PBXNativeTarget section */

/* Begin PBXProject section */
		FAD66831274BD2C300CD0C97 /* Project object */ = {
			isa = PBXProject;
			attributes = {
				BuildIndependentTargetsInParallel = 1;
				LastSwiftUpdateCheck = 1310;
				LastUpgradeCheck = 1310;
				TargetAttributes = {
					FAD66838274BD2C300CD0C97 = {
						CreatedOnToolsVersion = 13.1;
					};
					FAD6684E274BD2C400CD0C97 = {
						CreatedOnToolsVersion = 13.1;
						TestTargetID = FAD66838274BD2C300CD0C97;
					};
					FAD66858274BD2C400CD0C97 = {
						CreatedOnToolsVersion = 13.1;
						TestTargetID = FAD66838274BD2C300CD0C97;
					};
				};
			};
			buildConfigurationList = FAD66834274BD2C300CD0C97 /* Build configuration list for PBXProject "CovidView" */;
			compatibilityVersion = "Xcode 13.0";
			developmentRegion = en;
			hasScannedForEncodings = 0;
			knownRegions = (
				en,
				Base,
			);
			mainGroup = FAD66830274BD2C300CD0C97;
			productRefGroup = FAD6683A274BD2C300CD0C97 /* Products */;
			projectDirPath = "";
			projectRoot = "";
			targets = (
				FAD66838274BD2C300CD0C97 /* CovidView */,
				FAD6684E274BD2C400CD0C97 /* CovidViewTests */,
				FAD66858274BD2C400CD0C97 /* CovidViewUITests */,
			);
		};
/* End PBXProject section */

/* Begin PBXResourcesBuildPhase section */
		FAD66837274BD2C300CD0C97 /* Resources */ = {
			isa = PBXResourcesBuildPhase;
			buildActionMask = 2147483647;
			files = (
				FAD66849274BD2C400CD0C97 /* LaunchScreen.storyboard in Resources */,
				FAD66875274BE18000CD0C97 /* Poppins-Medium.ttf in Resources */,
				FAD66874274BE18000CD0C97 /* Poppins-Bold.ttf in Resources */,
				FAB35FCE274D00CB0075D76A /* Main.storyboard in Resources */,
				FAD66846274BD2C400CD0C97 /* Assets.xcassets in Resources */,
				FAD66876274BE18000CD0C97 /* Poppins-Regular.ttf in Resources */,
			);
			runOnlyForDeploymentPostprocessing = 0;
		};
		FAD6684D274BD2C400CD0C97 /* Resources */ = {
			isa = PBXResourcesBuildPhase;
			buildActionMask = 2147483647;
			files = (
			);
			runOnlyForDeploymentPostprocessing = 0;
		};
		FAD66857274BD2C400CD0C97 /* Resources */ = {
			isa = PBXResourcesBuildPhase;
			buildActionMask = 2147483647;
			files = (
			);
			runOnlyForDeploymentPostprocessing = 0;
		};
/* End PBXResourcesBuildPhase section */

/* Begin PBXSourcesBuildPhase section */
		FAD66835274BD2C300CD0C97 /* Sources */ = {
			isa = PBXSourcesBuildPhase;
			buildActionMask = 2147483647;
			files = (
				FA67CE6E274E530E000AA1C1 /* NetworkApi.swift in Sources */,
				FAB35FA8274CC5E40075D76A /* Coordinator.swift in Sources */,
				FA60D7B3274E6E200087646A /* CountriesTableView.swift in Sources */,
				FA67CE74274E5A9A000AA1C1 /* ParametersEncoder.swift in Sources */,
				FAD6683D274BD2C300CD0C97 /* AppDelegate.swift in Sources */,
				FA67CE72274E580E000AA1C1 /* DictinoryHelper.swift in Sources */,
				FAB35FD0274D07980075D76A /* GradientView.swift in Sources */,
				FA67CE77274E6585000AA1C1 /* CountryModel.swift in Sources */,
				FAB35FD2274D166A0075D76A /* TextFieldBackView.swift in Sources */,
				FAD66889274BE7EF00CD0C97 /* InfoCoordinator.swift in Sources */,
				FAD66879274BE24900CD0C97 /* UIFontExtension.swift in Sources */,
				FA67CE6C274E5300000AA1C1 /* NetworkService.swift in Sources */,
				FA3097CA274E72FE00A78B66 /* CountryTableViewCell.swift in Sources */,
				FA67CE70274E5316000AA1C1 /* Router.swift in Sources */,
				FAB35FD8274D33170075D76A /* MarkBorderView.swift in Sources */,
				FADAFBE6274F844C0003BC9A /* SecureStorageService.swift in Sources */,
				FAD6686F274BD7FF00CD0C97 /* SpreadView.swift in Sources */,
				FAB35FD6274D2B120075D76A /* StatisticBackView.swift in Sources */,
				FAB35FAA274CD3C30075D76A /* UIImageExtension.swift in Sources */,
				FAD66884274BE75500CD0C97 /* InfoViewModel.swift in Sources */,
				FAD6686D274BD66100CD0C97 /* InfoViewController.swift in Sources */,
				FADAFBE4274F6AF20003BC9A /* InfoCountryModel.swift in Sources */,
				FAD6683F274BD2C300CD0C97 /* SceneDelegate.swift in Sources */,
			);
			runOnlyForDeploymentPostprocessing = 0;
		};
		FAD6684B274BD2C400CD0C97 /* Sources */ = {
			isa = PBXSourcesBuildPhase;
			buildActionMask = 2147483647;
			files = (
				FAD66854274BD2C400CD0C97 /* CovidViewTests.swift in Sources */,
			);
			runOnlyForDeploymentPostprocessing = 0;
		};
		FAD66855274BD2C400CD0C97 /* Sources */ = {
			isa = PBXSourcesBuildPhase;
			buildActionMask = 2147483647;
			files = (
				FAD6685E274BD2C400CD0C97 /* CovidViewUITests.swift in Sources */,
				FAD66860274BD2C400CD0C97 /* CovidViewUITestsLaunchTests.swift in Sources */,
			);
			runOnlyForDeploymentPostprocessing = 0;
		};
/* End PBXSourcesBuildPhase section */

/* Begin PBXTargetDependency section */
		FAD66851274BD2C400CD0C97 /* PBXTargetDependency */ = {
			isa = PBXTargetDependency;
			target = FAD66838274BD2C300CD0C97 /* CovidView */;
			targetProxy = FAD66850274BD2C400CD0C97 /* PBXContainerItemProxy */;
		};
		FAD6685B274BD2C400CD0C97 /* PBXTargetDependency */ = {
			isa = PBXTargetDependency;
			target = FAD66838274BD2C300CD0C97 /* CovidView */;
			targetProxy = FAD6685A274BD2C400CD0C97 /* PBXContainerItemProxy */;
		};
/* End PBXTargetDependency section */

/* Begin PBXVariantGroup section */
		FAD66847274BD2C400CD0C97 /* LaunchScreen.storyboard */ = {
			isa = PBXVariantGroup;
			children = (
				FAD66848274BD2C400CD0C97 /* Base */,
			);
			name = LaunchScreen.storyboard;
			sourceTree = "<group>";
		};
/* End PBXVariantGroup section */

/* Begin XCBuildConfiguration section */
		FAD66861274BD2C400CD0C97 /* Debug */ = {
			isa = XCBuildConfiguration;
			buildSettings = {
				ALWAYS_SEARCH_USER_PATHS = NO;
				CLANG_ANALYZER_NONNULL = YES;
				CLANG_ANALYZER_NUMBER_OBJECT_CONVERSION = YES_AGGRESSIVE;
				CLANG_CXX_LANGUAGE_STANDARD = "gnu++17";
				CLANG_CXX_LIBRARY = "libc++";
				CLANG_ENABLE_MODULES = YES;
				CLANG_ENABLE_OBJC_ARC = YES;
				CLANG_ENABLE_OBJC_WEAK = YES;
				CLANG_WARN_BLOCK_CAPTURE_AUTORELEASING = YES;
				CLANG_WARN_BOOL_CONVERSION = YES;
				CLANG_WARN_COMMA = YES;
				CLANG_WARN_CONSTANT_CONVERSION = YES;
				CLANG_WARN_DEPRECATED_OBJC_IMPLEMENTATIONS = YES;
				CLANG_WARN_DIRECT_OBJC_ISA_USAGE = YES_ERROR;
				CLANG_WARN_DOCUMENTATION_COMMENTS = YES;
				CLANG_WARN_EMPTY_BODY = YES;
				CLANG_WARN_ENUM_CONVERSION = YES;
				CLANG_WARN_INFINITE_RECURSION = YES;
				CLANG_WARN_INT_CONVERSION = YES;
				CLANG_WARN_NON_LITERAL_NULL_CONVERSION = YES;
				CLANG_WARN_OBJC_IMPLICIT_RETAIN_SELF = YES;
				CLANG_WARN_OBJC_LITERAL_CONVERSION = YES;
				CLANG_WARN_OBJC_ROOT_CLASS = YES_ERROR;
				CLANG_WARN_QUOTED_INCLUDE_IN_FRAMEWORK_HEADER = YES;
				CLANG_WARN_RANGE_LOOP_ANALYSIS = YES;
				CLANG_WARN_STRICT_PROTOTYPES = YES;
				CLANG_WARN_SUSPICIOUS_MOVE = YES;
				CLANG_WARN_UNGUARDED_AVAILABILITY = YES_AGGRESSIVE;
				CLANG_WARN_UNREACHABLE_CODE = YES;
				CLANG_WARN__DUPLICATE_METHOD_MATCH = YES;
				COPY_PHASE_STRIP = NO;
				DEBUG_INFORMATION_FORMAT = dwarf;
				ENABLE_STRICT_OBJC_MSGSEND = YES;
				ENABLE_TESTABILITY = YES;
				GCC_C_LANGUAGE_STANDARD = gnu11;
				GCC_DYNAMIC_NO_PIC = NO;
				GCC_NO_COMMON_BLOCKS = YES;
				GCC_OPTIMIZATION_LEVEL = 0;
				GCC_PREPROCESSOR_DEFINITIONS = (
					"DEBUG=1",
					"$(inherited)",
				);
				GCC_WARN_64_TO_32_BIT_CONVERSION = YES;
				GCC_WARN_ABOUT_RETURN_TYPE = YES_ERROR;
				GCC_WARN_UNDECLARED_SELECTOR = YES;
				GCC_WARN_UNINITIALIZED_AUTOS = YES_AGGRESSIVE;
				GCC_WARN_UNUSED_FUNCTION = YES;
				GCC_WARN_UNUSED_VARIABLE = YES;
				IPHONEOS_DEPLOYMENT_TARGET = 15.0;
				MTL_ENABLE_DEBUG_INFO = INCLUDE_SOURCE;
				MTL_FAST_MATH = YES;
				ONLY_ACTIVE_ARCH = YES;
				SDKROOT = iphoneos;
				SWIFT_ACTIVE_COMPILATION_CONDITIONS = DEBUG;
				SWIFT_OPTIMIZATION_LEVEL = "-Onone";
			};
			name = Debug;
		};
		FAD66862274BD2C400CD0C97 /* Release */ = {
			isa = XCBuildConfiguration;
			buildSettings = {
				ALWAYS_SEARCH_USER_PATHS = NO;
				CLANG_ANALYZER_NONNULL = YES;
				CLANG_ANALYZER_NUMBER_OBJECT_CONVERSION = YES_AGGRESSIVE;
				CLANG_CXX_LANGUAGE_STANDARD = "gnu++17";
				CLANG_CXX_LIBRARY = "libc++";
				CLANG_ENABLE_MODULES = YES;
				CLANG_ENABLE_OBJC_ARC = YES;
				CLANG_ENABLE_OBJC_WEAK = YES;
				CLANG_WARN_BLOCK_CAPTURE_AUTORELEASING = YES;
				CLANG_WARN_BOOL_CONVERSION = YES;
				CLANG_WARN_COMMA = YES;
				CLANG_WARN_CONSTANT_CONVERSION = YES;
				CLANG_WARN_DEPRECATED_OBJC_IMPLEMENTATIONS = YES;
				CLANG_WARN_DIRECT_OBJC_ISA_USAGE = YES_ERROR;
				CLANG_WARN_DOCUMENTATION_COMMENTS = YES;
				CLANG_WARN_EMPTY_BODY = YES;
				CLANG_WARN_ENUM_CONVERSION = YES;
				CLANG_WARN_INFINITE_RECURSION = YES;
				CLANG_WARN_INT_CONVERSION = YES;
				CLANG_WARN_NON_LITERAL_NULL_CONVERSION = YES;
				CLANG_WARN_OBJC_IMPLICIT_RETAIN_SELF = YES;
				CLANG_WARN_OBJC_LITERAL_CONVERSION = YES;
				CLANG_WARN_OBJC_ROOT_CLASS = YES_ERROR;
				CLANG_WARN_QUOTED_INCLUDE_IN_FRAMEWORK_HEADER = YES;
				CLANG_WARN_RANGE_LOOP_ANALYSIS = YES;
				CLANG_WARN_STRICT_PROTOTYPES = YES;
				CLANG_WARN_SUSPICIOUS_MOVE = YES;
				CLANG_WARN_UNGUARDED_AVAILABILITY = YES_AGGRESSIVE;
				CLANG_WARN_UNREACHABLE_CODE = YES;
				CLANG_WARN__DUPLICATE_METHOD_MATCH = YES;
				COPY_PHASE_STRIP = NO;
				DEBUG_INFORMATION_FORMAT = "dwarf-with-dsym";
				ENABLE_NS_ASSERTIONS = NO;
				ENABLE_STRICT_OBJC_MSGSEND = YES;
				GCC_C_LANGUAGE_STANDARD = gnu11;
				GCC_NO_COMMON_BLOCKS = YES;
				GCC_WARN_64_TO_32_BIT_CONVERSION = YES;
				GCC_WARN_ABOUT_RETURN_TYPE = YES_ERROR;
				GCC_WARN_UNDECLARED_SELECTOR = YES;
				GCC_WARN_UNINITIALIZED_AUTOS = YES_AGGRESSIVE;
				GCC_WARN_UNUSED_FUNCTION = YES;
				GCC_WARN_UNUSED_VARIABLE = YES;
				IPHONEOS_DEPLOYMENT_TARGET = 15.0;
				MTL_ENABLE_DEBUG_INFO = NO;
				MTL_FAST_MATH = YES;
				SDKROOT = iphoneos;
				SWIFT_COMPILATION_MODE = wholemodule;
				SWIFT_OPTIMIZATION_LEVEL = "-O";
				VALIDATE_PRODUCT = YES;
			};
			name = Release;
		};
		FAD66864274BD2C400CD0C97 /* Debug */ = {
			isa = XCBuildConfiguration;
			buildSettings = {
				ASSETCATALOG_COMPILER_APPICON_NAME = AppIcon;
				ASSETCATALOG_COMPILER_GLOBAL_ACCENT_COLOR_NAME = AccentColor;
				CODE_SIGN_STYLE = Automatic;
				CURRENT_PROJECT_VERSION = 1;
				DEVELOPMENT_TEAM = BAW28W4LV2;
				GENERATE_INFOPLIST_FILE = YES;
				INFOPLIST_FILE = CovidView/Source/Info.plist;
				INFOPLIST_KEY_NSMainNibFile = Main;
				INFOPLIST_KEY_UIApplicationSupportsIndirectInputEvents = YES;
				INFOPLIST_KEY_UILaunchStoryboardName = LaunchScreen;
				INFOPLIST_KEY_UISupportedInterfaceOrientations = UIInterfaceOrientationPortrait;
				INFOPLIST_KEY_UISupportedInterfaceOrientations_iPad = "UIInterfaceOrientationPortrait UIInterfaceOrientationPortraitUpsideDown UIInterfaceOrientationLandscapeLeft UIInterfaceOrientationLandscapeRight";
				INFOPLIST_KEY_UISupportedInterfaceOrientations_iPhone = "UIInterfaceOrientationPortrait UIInterfaceOrientationLandscapeLeft UIInterfaceOrientationLandscapeRight";
				LD_RUNPATH_SEARCH_PATHS = (
					"$(inherited)",
					"@executable_path/Frameworks",
				);
				MARKETING_VERSION = 1.0;
				PRODUCT_BUNDLE_IDENTIFIER = Mikita.Glavinski.CovidView;
				PRODUCT_NAME = "$(TARGET_NAME)";
				SWIFT_EMIT_LOC_STRINGS = YES;
				SWIFT_VERSION = 5.0;
				TARGETED_DEVICE_FAMILY = 1;
			};
			name = Debug;
		};
		FAD66865274BD2C400CD0C97 /* Release */ = {
			isa = XCBuildConfiguration;
			buildSettings = {
				ASSETCATALOG_COMPILER_APPICON_NAME = AppIcon;
				ASSETCATALOG_COMPILER_GLOBAL_ACCENT_COLOR_NAME = AccentColor;
				CODE_SIGN_STYLE = Automatic;
				CURRENT_PROJECT_VERSION = 1;
				DEVELOPMENT_TEAM = BAW28W4LV2;
				GENERATE_INFOPLIST_FILE = YES;
				INFOPLIST_FILE = CovidView/Source/Info.plist;
				INFOPLIST_KEY_NSMainNibFile = Main;
				INFOPLIST_KEY_UIApplicationSupportsIndirectInputEvents = YES;
				INFOPLIST_KEY_UILaunchStoryboardName = LaunchScreen;
				INFOPLIST_KEY_UISupportedInterfaceOrientations = UIInterfaceOrientationPortrait;
				INFOPLIST_KEY_UISupportedInterfaceOrientations_iPad = "UIInterfaceOrientationPortrait UIInterfaceOrientationPortraitUpsideDown UIInterfaceOrientationLandscapeLeft UIInterfaceOrientationLandscapeRight";
				INFOPLIST_KEY_UISupportedInterfaceOrientations_iPhone = "UIInterfaceOrientationPortrait UIInterfaceOrientationLandscapeLeft UIInterfaceOrientationLandscapeRight";
				LD_RUNPATH_SEARCH_PATHS = (
					"$(inherited)",
					"@executable_path/Frameworks",
				);
				MARKETING_VERSION = 1.0;
				PRODUCT_BUNDLE_IDENTIFIER = Mikita.Glavinski.CovidView;
				PRODUCT_NAME = "$(TARGET_NAME)";
				SWIFT_EMIT_LOC_STRINGS = YES;
				SWIFT_VERSION = 5.0;
				TARGETED_DEVICE_FAMILY = 1;
			};
			name = Release;
		};
		FAD66867274BD2C400CD0C97 /* Debug */ = {
			isa = XCBuildConfiguration;
			buildSettings = {
				ALWAYS_EMBED_SWIFT_STANDARD_LIBRARIES = YES;
				BUNDLE_LOADER = "$(TEST_HOST)";
				CODE_SIGN_STYLE = Automatic;
				CURRENT_PROJECT_VERSION = 1;
				DEVELOPMENT_TEAM = BAW28W4LV2;
				GENERATE_INFOPLIST_FILE = YES;
				IPHONEOS_DEPLOYMENT_TARGET = 15.0;
				LD_RUNPATH_SEARCH_PATHS = (
					"$(inherited)",
					"@executable_path/Frameworks",
					"@loader_path/Frameworks",
				);
				MARKETING_VERSION = 1.0;
				PRODUCT_BUNDLE_IDENTIFIER = Mikita.Glavinski.CovidViewTests;
				PRODUCT_NAME = "$(TARGET_NAME)";
				SWIFT_EMIT_LOC_STRINGS = NO;
				SWIFT_VERSION = 5.0;
				TARGETED_DEVICE_FAMILY = "1,2";
				TEST_HOST = "$(BUILT_PRODUCTS_DIR)/CovidView.app/CovidView";
			};
			name = Debug;
		};
		FAD66868274BD2C400CD0C97 /* Release */ = {
			isa = XCBuildConfiguration;
			buildSettings = {
				ALWAYS_EMBED_SWIFT_STANDARD_LIBRARIES = YES;
				BUNDLE_LOADER = "$(TEST_HOST)";
				CODE_SIGN_STYLE = Automatic;
				CURRENT_PROJECT_VERSION = 1;
				DEVELOPMENT_TEAM = BAW28W4LV2;
				GENERATE_INFOPLIST_FILE = YES;
				IPHONEOS_DEPLOYMENT_TARGET = 15.0;
				LD_RUNPATH_SEARCH_PATHS = (
					"$(inherited)",
					"@executable_path/Frameworks",
					"@loader_path/Frameworks",
				);
				MARKETING_VERSION = 1.0;
				PRODUCT_BUNDLE_IDENTIFIER = Mikita.Glavinski.CovidViewTests;
				PRODUCT_NAME = "$(TARGET_NAME)";
				SWIFT_EMIT_LOC_STRINGS = NO;
				SWIFT_VERSION = 5.0;
				TARGETED_DEVICE_FAMILY = "1,2";
				TEST_HOST = "$(BUILT_PRODUCTS_DIR)/CovidView.app/CovidView";
			};
			name = Release;
		};
		FAD6686A274BD2C400CD0C97 /* Debug */ = {
			isa = XCBuildConfiguration;
			buildSettings = {
				ALWAYS_EMBED_SWIFT_STANDARD_LIBRARIES = YES;
				CODE_SIGN_STYLE = Automatic;
				CURRENT_PROJECT_VERSION = 1;
				DEVELOPMENT_TEAM = BAW28W4LV2;
				GENERATE_INFOPLIST_FILE = YES;
				LD_RUNPATH_SEARCH_PATHS = (
					"$(inherited)",
					"@executable_path/Frameworks",
					"@loader_path/Frameworks",
				);
				MARKETING_VERSION = 1.0;
				PRODUCT_BUNDLE_IDENTIFIER = Mikita.Glavinski.CovidViewUITests;
				PRODUCT_NAME = "$(TARGET_NAME)";
				SWIFT_EMIT_LOC_STRINGS = NO;
				SWIFT_VERSION = 5.0;
				TARGETED_DEVICE_FAMILY = "1,2";
				TEST_TARGET_NAME = CovidView;
			};
			name = Debug;
		};
		FAD6686B274BD2C400CD0C97 /* Release */ = {
			isa = XCBuildConfiguration;
			buildSettings = {
				ALWAYS_EMBED_SWIFT_STANDARD_LIBRARIES = YES;
				CODE_SIGN_STYLE = Automatic;
				CURRENT_PROJECT_VERSION = 1;
				DEVELOPMENT_TEAM = BAW28W4LV2;
				GENERATE_INFOPLIST_FILE = YES;
				LD_RUNPATH_SEARCH_PATHS = (
					"$(inherited)",
					"@executable_path/Frameworks",
					"@loader_path/Frameworks",
				);
				MARKETING_VERSION = 1.0;
				PRODUCT_BUNDLE_IDENTIFIER = Mikita.Glavinski.CovidViewUITests;
				PRODUCT_NAME = "$(TARGET_NAME)";
				SWIFT_EMIT_LOC_STRINGS = NO;
				SWIFT_VERSION = 5.0;
				TARGETED_DEVICE_FAMILY = "1,2";
				TEST_TARGET_NAME = CovidView;
			};
			name = Release;
		};
/* End XCBuildConfiguration section */

/* Begin XCConfigurationList section */
		FAD66834274BD2C300CD0C97 /* Build configuration list for PBXProject "CovidView" */ = {
			isa = XCConfigurationList;
			buildConfigurations = (
				FAD66861274BD2C400CD0C97 /* Debug */,
				FAD66862274BD2C400CD0C97 /* Release */,
			);
			defaultConfigurationIsVisible = 0;
			defaultConfigurationName = Release;
		};
		FAD66863274BD2C400CD0C97 /* Build configuration list for PBXNativeTarget "CovidView" */ = {
			isa = XCConfigurationList;
			buildConfigurations = (
				FAD66864274BD2C400CD0C97 /* Debug */,
				FAD66865274BD2C400CD0C97 /* Release */,
			);
			defaultConfigurationIsVisible = 0;
			defaultConfigurationName = Release;
		};
		FAD66866274BD2C400CD0C97 /* Build configuration list for PBXNativeTarget "CovidViewTests" */ = {
			isa = XCConfigurationList;
			buildConfigurations = (
				FAD66867274BD2C400CD0C97 /* Debug */,
				FAD66868274BD2C400CD0C97 /* Release */,
			);
			defaultConfigurationIsVisible = 0;
			defaultConfigurationName = Release;
		};
		FAD66869274BD2C400CD0C97 /* Build configuration list for PBXNativeTarget "CovidViewUITests" */ = {
			isa = XCConfigurationList;
			buildConfigurations = (
				FAD6686A274BD2C400CD0C97 /* Debug */,
				FAD6686B274BD2C400CD0C97 /* Release */,
			);
			defaultConfigurationIsVisible = 0;
			defaultConfigurationName = Release;
		};
/* End XCConfigurationList section */
	};
	rootObject = FAD66831274BD2C300CD0C97 /* Project object */;
}
